// !$*UTF8*$!
{
	archiveVersion = 1;
	classes = {
	};
	objectVersion = 51;
	objects = {

/* Begin PBXBuildFile section */
		15192D48252B441500199B7B /* BaseViewController.swift in Sources */ = {isa = PBXBuildFile; fileRef = 15192D47252B441500199B7B /* BaseViewController.swift */; };
		15192D4D252B441E00199B7B /* BaseViewModel.swift in Sources */ = {isa = PBXBuildFile; fileRef = 15192D4C252B441E00199B7B /* BaseViewModel.swift */; };
		15192D52252B447700199B7B /* AppFlow.swift in Sources */ = {isa = PBXBuildFile; fileRef = 15192D51252B447700199B7B /* AppFlow.swift */; };
		15192D58252B6B9200199B7B /* MainViewController.swift in Sources */ = {isa = PBXBuildFile; fileRef = 15192D57252B6B9200199B7B /* MainViewController.swift */; };
		15192D60252B6BC300199B7B /* MainViewModel.swift in Sources */ = {isa = PBXBuildFile; fileRef = 15192D5F252B6BC300199B7B /* MainViewModel.swift */; };
		15192D65252B6BD500199B7B /* MainFlow.swift in Sources */ = {isa = PBXBuildFile; fileRef = 15192D64252B6BD500199B7B /* MainFlow.swift */; };
		15192D6A252B72FF00199B7B /* FriendsListFlow.swift in Sources */ = {isa = PBXBuildFile; fileRef = 15192D69252B72FF00199B7B /* FriendsListFlow.swift */; };
		15192D6F252B741900199B7B /* ChatListFlow.swift in Sources */ = {isa = PBXBuildFile; fileRef = 15192D6E252B741900199B7B /* ChatListFlow.swift */; };
		15192D74252B748100199B7B /* SettingFlow.swift in Sources */ = {isa = PBXBuildFile; fileRef = 15192D73252B748100199B7B /* SettingFlow.swift */; };
		15192D79252B768400199B7B /* LoginFlow.swift in Sources */ = {isa = PBXBuildFile; fileRef = 15192D78252B768400199B7B /* LoginFlow.swift */; };
		15192D8D252B84BF00199B7B /* GoogleService-Info.plist in Resources */ = {isa = PBXBuildFile; fileRef = 15192D8C252B84BF00199B7B /* GoogleService-Info.plist */; };
		15192DEC252B8B3600199B7B /* UserModel.swift in Sources */ = {isa = PBXBuildFile; fileRef = 15192DEB252B8B3600199B7B /* UserModel.swift */; };
		15712F0B2521EBC300C08F74 /* AppDelegate.swift in Sources */ = {isa = PBXBuildFile; fileRef = 15712F0A2521EBC300C08F74 /* AppDelegate.swift */; };
		15712F142521EBC400C08F74 /* Assets.xcassets in Resources */ = {isa = PBXBuildFile; fileRef = 15712F132521EBC400C08F74 /* Assets.xcassets */; };
		15712F172521EBC400C08F74 /* LaunchScreen.storyboard in Resources */ = {isa = PBXBuildFile; fileRef = 15712F152521EBC400C08F74 /* LaunchScreen.storyboard */; };
		15712F222521EBC400C08F74 /* PandaTalkTests.swift in Sources */ = {isa = PBXBuildFile; fileRef = 15712F212521EBC400C08F74 /* PandaTalkTests.swift */; };
		15712F2D2521EBC400C08F74 /* PandaTalkUITests.swift in Sources */ = {isa = PBXBuildFile; fileRef = 15712F2C2521EBC400C08F74 /* PandaTalkUITests.swift */; };
		15712F592521F6A200C08F74 /* AppModel+Protocol.swift in Sources */ = {isa = PBXBuildFile; fileRef = 15712F582521F6A200C08F74 /* AppModel+Protocol.swift */; };
		15712F5E2521F6B800C08F74 /* Constants.swift in Sources */ = {isa = PBXBuildFile; fileRef = 15712F5D2521F6B800C08F74 /* Constants.swift */; };
		15712F632521F6C700C08F74 /* LoginViewController.swift in Sources */ = {isa = PBXBuildFile; fileRef = 15712F622521F6C700C08F74 /* LoginViewController.swift */; };
		15712F682521F6DF00C08F74 /* LoginViewModel.swift in Sources */ = {isa = PBXBuildFile; fileRef = 15712F672521F6DF00C08F74 /* LoginViewModel.swift */; };
		15712F6D2521F6EB00C08F74 /* LoginDataModel.swift in Sources */ = {isa = PBXBuildFile; fileRef = 15712F6C2521F6EB00C08F74 /* LoginDataModel.swift */; };
		15712F722521F70000C08F74 /* FriendsListViewController.swift in Sources */ = {isa = PBXBuildFile; fileRef = 15712F712521F70000C08F74 /* FriendsListViewController.swift */; };
		15712F772521F70C00C08F74 /* FriendsListViewModel.swift in Sources */ = {isa = PBXBuildFile; fileRef = 15712F762521F70C00C08F74 /* FriendsListViewModel.swift */; };
		15712F7C2521F71500C08F74 /* FriendListDataModel.swift in Sources */ = {isa = PBXBuildFile; fileRef = 15712F7B2521F71500C08F74 /* FriendListDataModel.swift */; };
		15712F812521F72100C08F74 /* ChatListViewController.swift in Sources */ = {isa = PBXBuildFile; fileRef = 15712F802521F72100C08F74 /* ChatListViewController.swift */; };
		15712F862521F72E00C08F74 /* ChatListViewModel.swift in Sources */ = {isa = PBXBuildFile; fileRef = 15712F852521F72E00C08F74 /* ChatListViewModel.swift */; };
		15712F8B2521F73800C08F74 /* ChatListDataModel.swift in Sources */ = {isa = PBXBuildFile; fileRef = 15712F8A2521F73800C08F74 /* ChatListDataModel.swift */; };
		15712F902521F74100C08F74 /* SettingViewController.swift in Sources */ = {isa = PBXBuildFile; fileRef = 15712F8F2521F74100C08F74 /* SettingViewController.swift */; };
		15712F952521F74800C08F74 /* SettingViewModel.swift in Sources */ = {isa = PBXBuildFile; fileRef = 15712F942521F74800C08F74 /* SettingViewModel.swift */; };
		15712F9A2521F75000C08F74 /* SettingDataModel.swift in Sources */ = {isa = PBXBuildFile; fileRef = 15712F992521F75000C08F74 /* SettingDataModel.swift */; };
		15712F9F2521F75F00C08F74 /* Service+Protocol.swift in Sources */ = {isa = PBXBuildFile; fileRef = 15712F9E2521F75F00C08F74 /* Service+Protocol.swift */; };
		15712FA42521F76800C08F74 /* APIManager.swift in Sources */ = {isa = PBXBuildFile; fileRef = 15712FA32521F76800C08F74 /* APIManager.swift */; };
		15712FA92521F77300C08F74 /* AppModel.swift in Sources */ = {isa = PBXBuildFile; fileRef = 15712FA82521F77300C08F74 /* AppModel.swift */; };
		15712FAE2521F77800C08F74 /* AppState.swift in Sources */ = {isa = PBXBuildFile; fileRef = 15712FAD2521F77800C08F74 /* AppState.swift */; };
		15712FB32521F77D00C08F74 /* AppError.swift in Sources */ = {isa = PBXBuildFile; fileRef = 15712FB22521F77D00C08F74 /* AppError.swift */; };
		15712FB82521F79700C08F74 /* DataModel.swift in Sources */ = {isa = PBXBuildFile; fileRef = 15712FB72521F79700C08F74 /* DataModel.swift */; };
		15712FBE2521F8E000C08F74 /* ChattingViewController.swift in Sources */ = {isa = PBXBuildFile; fileRef = 15712FBD2521F8E000C08F74 /* ChattingViewController.swift */; };
		15712FC32521F8E700C08F74 /* ChattingViewModel.swift in Sources */ = {isa = PBXBuildFile; fileRef = 15712FC22521F8E700C08F74 /* ChattingViewModel.swift */; };
		15712FC82521F8EE00C08F74 /* ChattingDataModel.swift in Sources */ = {isa = PBXBuildFile; fileRef = 15712FC72521F8EE00C08F74 /* ChattingDataModel.swift */; };
		29B108A411BAA28171E4CAFE /* Pods_PandaTalk.framework in Frameworks */ = {isa = PBXBuildFile; fileRef = B581A096D0E7795099474516 /* Pods_PandaTalk.framework */; };
		4A9531AF61E7B61CCDEF27D9 /* Pods_PandaTalkTests.framework in Frameworks */ = {isa = PBXBuildFile; fileRef = 62D7F4A47BF9826056989650 /* Pods_PandaTalkTests.framework */; };
		EA1D7482572D7570D4B788F9 /* Pods_PandaTalk_PandaTalkUITests.framework in Frameworks */ = {isa = PBXBuildFile; fileRef = A9860122BBECFB202AA856B4 /* Pods_PandaTalk_PandaTalkUITests.framework */; };
/* End PBXBuildFile section */

/* Begin PBXContainerItemProxy section */
		15712F1E2521EBC400C08F74 /* PBXContainerItemProxy */ = {
			isa = PBXContainerItemProxy;
			containerPortal = 15712EFF2521EBC300C08F74 /* Project object */;
			proxyType = 1;
			remoteGlobalIDString = 15712F062521EBC300C08F74;
			remoteInfo = PandaTalk;
		};
		15712F292521EBC400C08F74 /* PBXContainerItemProxy */ = {
			isa = PBXContainerItemProxy;
			containerPortal = 15712EFF2521EBC300C08F74 /* Project object */;
			proxyType = 1;
			remoteGlobalIDString = 15712F062521EBC300C08F74;
			remoteInfo = PandaTalk;
		};
/* End PBXContainerItemProxy section */

/* Begin PBXFileReference section */
		15192D47252B441500199B7B /* BaseViewController.swift */ = {isa = PBXFileReference; lastKnownFileType = sourcecode.swift; path = BaseViewController.swift; sourceTree = "<group>"; };
		15192D4C252B441E00199B7B /* BaseViewModel.swift */ = {isa = PBXFileReference; lastKnownFileType = sourcecode.swift; path = BaseViewModel.swift; sourceTree = "<group>"; };
		15192D51252B447700199B7B /* AppFlow.swift */ = {isa = PBXFileReference; lastKnownFileType = sourcecode.swift; path = AppFlow.swift; sourceTree = "<group>"; };
		15192D57252B6B9200199B7B /* MainViewController.swift */ = {isa = PBXFileReference; lastKnownFileType = sourcecode.swift; path = MainViewController.swift; sourceTree = "<group>"; };
		15192D5F252B6BC300199B7B /* MainViewModel.swift */ = {isa = PBXFileReference; lastKnownFileType = sourcecode.swift; path = MainViewModel.swift; sourceTree = "<group>"; };
		15192D64252B6BD500199B7B /* MainFlow.swift */ = {isa = PBXFileReference; lastKnownFileType = sourcecode.swift; path = MainFlow.swift; sourceTree = "<group>"; };
		15192D69252B72FF00199B7B /* FriendsListFlow.swift */ = {isa = PBXFileReference; lastKnownFileType = sourcecode.swift; path = FriendsListFlow.swift; sourceTree = "<group>"; };
		15192D6E252B741900199B7B /* ChatListFlow.swift */ = {isa = PBXFileReference; lastKnownFileType = sourcecode.swift; path = ChatListFlow.swift; sourceTree = "<group>"; };
		15192D73252B748100199B7B /* SettingFlow.swift */ = {isa = PBXFileReference; lastKnownFileType = sourcecode.swift; path = SettingFlow.swift; sourceTree = "<group>"; };
		15192D78252B768400199B7B /* LoginFlow.swift */ = {isa = PBXFileReference; lastKnownFileType = sourcecode.swift; path = LoginFlow.swift; sourceTree = "<group>"; };
		15192D8C252B84BF00199B7B /* GoogleService-Info.plist */ = {isa = PBXFileReference; fileEncoding = 4; lastKnownFileType = text.plist.xml; path = "GoogleService-Info.plist"; sourceTree = "<group>"; };
		15192DEB252B8B3600199B7B /* UserModel.swift */ = {isa = PBXFileReference; lastKnownFileType = sourcecode.swift; path = UserModel.swift; sourceTree = "<group>"; };
		15712F072521EBC300C08F74 /* PandaTalk.app */ = {isa = PBXFileReference; explicitFileType = wrapper.application; includeInIndex = 0; path = PandaTalk.app; sourceTree = BUILT_PRODUCTS_DIR; };
		15712F0A2521EBC300C08F74 /* AppDelegate.swift */ = {isa = PBXFileReference; lastKnownFileType = sourcecode.swift; path = AppDelegate.swift; sourceTree = "<group>"; };
		15712F132521EBC400C08F74 /* Assets.xcassets */ = {isa = PBXFileReference; lastKnownFileType = folder.assetcatalog; path = Assets.xcassets; sourceTree = "<group>"; };
		15712F162521EBC400C08F74 /* Base */ = {isa = PBXFileReference; lastKnownFileType = file.storyboard; name = Base; path = Base.lproj/LaunchScreen.storyboard; sourceTree = "<group>"; };
		15712F182521EBC400C08F74 /* Info.plist */ = {isa = PBXFileReference; lastKnownFileType = text.plist.xml; path = Info.plist; sourceTree = "<group>"; };
		15712F1D2521EBC400C08F74 /* PandaTalkTests.xctest */ = {isa = PBXFileReference; explicitFileType = wrapper.cfbundle; includeInIndex = 0; path = PandaTalkTests.xctest; sourceTree = BUILT_PRODUCTS_DIR; };
		15712F212521EBC400C08F74 /* PandaTalkTests.swift */ = {isa = PBXFileReference; lastKnownFileType = sourcecode.swift; path = PandaTalkTests.swift; sourceTree = "<group>"; };
		15712F232521EBC400C08F74 /* Info.plist */ = {isa = PBXFileReference; lastKnownFileType = text.plist.xml; path = Info.plist; sourceTree = "<group>"; };
		15712F282521EBC400C08F74 /* PandaTalkUITests.xctest */ = {isa = PBXFileReference; explicitFileType = wrapper.cfbundle; includeInIndex = 0; path = PandaTalkUITests.xctest; sourceTree = BUILT_PRODUCTS_DIR; };
		15712F2C2521EBC400C08F74 /* PandaTalkUITests.swift */ = {isa = PBXFileReference; lastKnownFileType = sourcecode.swift; path = PandaTalkUITests.swift; sourceTree = "<group>"; };
		15712F2E2521EBC400C08F74 /* Info.plist */ = {isa = PBXFileReference; lastKnownFileType = text.plist.xml; path = Info.plist; sourceTree = "<group>"; };
		15712F582521F6A200C08F74 /* AppModel+Protocol.swift */ = {isa = PBXFileReference; lastKnownFileType = sourcecode.swift; path = "AppModel+Protocol.swift"; sourceTree = "<group>"; };
		15712F5D2521F6B800C08F74 /* Constants.swift */ = {isa = PBXFileReference; lastKnownFileType = sourcecode.swift; path = Constants.swift; sourceTree = "<group>"; };
		15712F622521F6C700C08F74 /* LoginViewController.swift */ = {isa = PBXFileReference; lastKnownFileType = sourcecode.swift; path = LoginViewController.swift; sourceTree = "<group>"; };
		15712F672521F6DF00C08F74 /* LoginViewModel.swift */ = {isa = PBXFileReference; lastKnownFileType = sourcecode.swift; path = LoginViewModel.swift; sourceTree = "<group>"; };
		15712F6C2521F6EB00C08F74 /* LoginDataModel.swift */ = {isa = PBXFileReference; lastKnownFileType = sourcecode.swift; path = LoginDataModel.swift; sourceTree = "<group>"; };
		15712F712521F70000C08F74 /* FriendsListViewController.swift */ = {isa = PBXFileReference; lastKnownFileType = sourcecode.swift; path = FriendsListViewController.swift; sourceTree = "<group>"; };
		15712F762521F70C00C08F74 /* FriendsListViewModel.swift */ = {isa = PBXFileReference; lastKnownFileType = sourcecode.swift; path = FriendsListViewModel.swift; sourceTree = "<group>"; };
		15712F7B2521F71500C08F74 /* FriendListDataModel.swift */ = {isa = PBXFileReference; lastKnownFileType = sourcecode.swift; path = FriendListDataModel.swift; sourceTree = "<group>"; };
		15712F802521F72100C08F74 /* ChatListViewController.swift */ = {isa = PBXFileReference; lastKnownFileType = sourcecode.swift; path = ChatListViewController.swift; sourceTree = "<group>"; };
		15712F852521F72E00C08F74 /* ChatListViewModel.swift */ = {isa = PBXFileReference; lastKnownFileType = sourcecode.swift; path = ChatListViewModel.swift; sourceTree = "<group>"; };
		15712F8A2521F73800C08F74 /* ChatListDataModel.swift */ = {isa = PBXFileReference; lastKnownFileType = sourcecode.swift; path = ChatListDataModel.swift; sourceTree = "<group>"; };
		15712F8F2521F74100C08F74 /* SettingViewController.swift */ = {isa = PBXFileReference; lastKnownFileType = sourcecode.swift; path = SettingViewController.swift; sourceTree = "<group>"; };
		15712F942521F74800C08F74 /* SettingViewModel.swift */ = {isa = PBXFileReference; lastKnownFileType = sourcecode.swift; path = SettingViewModel.swift; sourceTree = "<group>"; };
		15712F992521F75000C08F74 /* SettingDataModel.swift */ = {isa = PBXFileReference; lastKnownFileType = sourcecode.swift; path = SettingDataModel.swift; sourceTree = "<group>"; };
		15712F9E2521F75F00C08F74 /* Service+Protocol.swift */ = {isa = PBXFileReference; lastKnownFileType = sourcecode.swift; path = "Service+Protocol.swift"; sourceTree = "<group>"; };
		15712FA32521F76800C08F74 /* APIManager.swift */ = {isa = PBXFileReference; lastKnownFileType = sourcecode.swift; path = APIManager.swift; sourceTree = "<group>"; };
		15712FA82521F77300C08F74 /* AppModel.swift */ = {isa = PBXFileReference; lastKnownFileType = sourcecode.swift; path = AppModel.swift; sourceTree = "<group>"; };
		15712FAD2521F77800C08F74 /* AppState.swift */ = {isa = PBXFileReference; lastKnownFileType = sourcecode.swift; path = AppState.swift; sourceTree = "<group>"; };
		15712FB22521F77D00C08F74 /* AppError.swift */ = {isa = PBXFileReference; lastKnownFileType = sourcecode.swift; path = AppError.swift; sourceTree = "<group>"; };
		15712FB72521F79700C08F74 /* DataModel.swift */ = {isa = PBXFileReference; lastKnownFileType = sourcecode.swift; path = DataModel.swift; sourceTree = "<group>"; };
		15712FBD2521F8E000C08F74 /* ChattingViewController.swift */ = {isa = PBXFileReference; lastKnownFileType = sourcecode.swift; path = ChattingViewController.swift; sourceTree = "<group>"; };
		15712FC22521F8E700C08F74 /* ChattingViewModel.swift */ = {isa = PBXFileReference; lastKnownFileType = sourcecode.swift; path = ChattingViewModel.swift; sourceTree = "<group>"; };
		15712FC72521F8EE00C08F74 /* ChattingDataModel.swift */ = {isa = PBXFileReference; lastKnownFileType = sourcecode.swift; path = ChattingDataModel.swift; sourceTree = "<group>"; };
		48DF18596E482DC8D9EDEB54 /* Pods-PandaTalk.release.xcconfig */ = {isa = PBXFileReference; includeInIndex = 1; lastKnownFileType = text.xcconfig; name = "Pods-PandaTalk.release.xcconfig"; path = "Target Support Files/Pods-PandaTalk/Pods-PandaTalk.release.xcconfig"; sourceTree = "<group>"; };
		62D7F4A47BF9826056989650 /* Pods_PandaTalkTests.framework */ = {isa = PBXFileReference; explicitFileType = wrapper.framework; includeInIndex = 0; path = Pods_PandaTalkTests.framework; sourceTree = BUILT_PRODUCTS_DIR; };
		783DE4C0ADE99CAA60177075 /* Pods-PandaTalk.debug.xcconfig */ = {isa = PBXFileReference; includeInIndex = 1; lastKnownFileType = text.xcconfig; name = "Pods-PandaTalk.debug.xcconfig"; path = "Target Support Files/Pods-PandaTalk/Pods-PandaTalk.debug.xcconfig"; sourceTree = "<group>"; };
		A08D37017FB72C80BB455059 /* Pods-PandaTalkTests.release.xcconfig */ = {isa = PBXFileReference; includeInIndex = 1; lastKnownFileType = text.xcconfig; name = "Pods-PandaTalkTests.release.xcconfig"; path = "Target Support Files/Pods-PandaTalkTests/Pods-PandaTalkTests.release.xcconfig"; sourceTree = "<group>"; };
		A9860122BBECFB202AA856B4 /* Pods_PandaTalk_PandaTalkUITests.framework */ = {isa = PBXFileReference; explicitFileType = wrapper.framework; includeInIndex = 0; path = Pods_PandaTalk_PandaTalkUITests.framework; sourceTree = BUILT_PRODUCTS_DIR; };
		B581A096D0E7795099474516 /* Pods_PandaTalk.framework */ = {isa = PBXFileReference; explicitFileType = wrapper.framework; includeInIndex = 0; path = Pods_PandaTalk.framework; sourceTree = BUILT_PRODUCTS_DIR; };
		D93E845A5D6CE71B406734DF /* Pods-PandaTalkTests.debug.xcconfig */ = {isa = PBXFileReference; includeInIndex = 1; lastKnownFileType = text.xcconfig; name = "Pods-PandaTalkTests.debug.xcconfig"; path = "Target Support Files/Pods-PandaTalkTests/Pods-PandaTalkTests.debug.xcconfig"; sourceTree = "<group>"; };
		F37A4CF395EED61697505F21 /* Pods-PandaTalk-PandaTalkUITests.release.xcconfig */ = {isa = PBXFileReference; includeInIndex = 1; lastKnownFileType = text.xcconfig; name = "Pods-PandaTalk-PandaTalkUITests.release.xcconfig"; path = "Target Support Files/Pods-PandaTalk-PandaTalkUITests/Pods-PandaTalk-PandaTalkUITests.release.xcconfig"; sourceTree = "<group>"; };
		FD95E5E5D335AF1FE4FECC3B /* Pods-PandaTalk-PandaTalkUITests.debug.xcconfig */ = {isa = PBXFileReference; includeInIndex = 1; lastKnownFileType = text.xcconfig; name = "Pods-PandaTalk-PandaTalkUITests.debug.xcconfig"; path = "Target Support Files/Pods-PandaTalk-PandaTalkUITests/Pods-PandaTalk-PandaTalkUITests.debug.xcconfig"; sourceTree = "<group>"; };
/* End PBXFileReference section */

/* Begin PBXFrameworksBuildPhase section */
		15712F042521EBC300C08F74 /* Frameworks */ = {
			isa = PBXFrameworksBuildPhase;
			buildActionMask = 2147483647;
			files = (
				29B108A411BAA28171E4CAFE /* Pods_PandaTalk.framework in Frameworks */,
			);
			runOnlyForDeploymentPostprocessing = 0;
		};
		15712F1A2521EBC400C08F74 /* Frameworks */ = {
			isa = PBXFrameworksBuildPhase;
			buildActionMask = 2147483647;
			files = (
				4A9531AF61E7B61CCDEF27D9 /* Pods_PandaTalkTests.framework in Frameworks */,
			);
			runOnlyForDeploymentPostprocessing = 0;
		};
		15712F252521EBC400C08F74 /* Frameworks */ = {
			isa = PBXFrameworksBuildPhase;
			buildActionMask = 2147483647;
			files = (
				EA1D7482572D7570D4B788F9 /* Pods_PandaTalk_PandaTalkUITests.framework in Frameworks */,
			);
			runOnlyForDeploymentPostprocessing = 0;
		};
/* End PBXFrameworksBuildPhase section */

/* Begin PBXGroup section */
		09F0C74A7DAFAB2597174A1B /* Frameworks */ = {
			isa = PBXGroup;
			children = (
				B581A096D0E7795099474516 /* Pods_PandaTalk.framework */,
				A9860122BBECFB202AA856B4 /* Pods_PandaTalk_PandaTalkUITests.framework */,
				62D7F4A47BF9826056989650 /* Pods_PandaTalkTests.framework */,
			);
			name = Frameworks;
			sourceTree = "<group>";
		};
		15192D37252B431E00199B7B /* Flow */ = {
			isa = PBXGroup;
			children = (
				15192D51252B447700199B7B /* AppFlow.swift */,
				15192D64252B6BD500199B7B /* MainFlow.swift */,
				15192D69252B72FF00199B7B /* FriendsListFlow.swift */,
				15192D6E252B741900199B7B /* ChatListFlow.swift */,
				15192D73252B748100199B7B /* SettingFlow.swift */,
				15192D78252B768400199B7B /* LoginFlow.swift */,
			);
			path = Flow;
			sourceTree = "<group>";
		};
		15192D56252B6B7900199B7B /* Main */ = {
			isa = PBXGroup;
			children = (
				15712F3F2521F59800C08F74 /* Login */,
				15712F422521F5B200C08F74 /* FriendsList */,
				15712F402521F5A400C08F74 /* ChatList */,
				15712FBC2521F7ED00C08F74 /* Chatting */,
				15712F412521F5A900C08F74 /* Setting */,
				15192D57252B6B9200199B7B /* MainViewController.swift */,
				15192D5F252B6BC300199B7B /* MainViewModel.swift */,
			);
			path = Main;
			sourceTree = "<group>";
		};
		15712EFE2521EBC300C08F74 = {
			isa = PBXGroup;
			children = (
				15712F092521EBC300C08F74 /* PandaTalk */,
				15712F202521EBC400C08F74 /* PandaTalkTests */,
				15712F2B2521EBC400C08F74 /* PandaTalkUITests */,
				15712F082521EBC300C08F74 /* Products */,
				F536D83C798935E8CE9987EB /* Pods */,
				09F0C74A7DAFAB2597174A1B /* Frameworks */,
			);
			sourceTree = "<group>";
		};
		15712F082521EBC300C08F74 /* Products */ = {
			isa = PBXGroup;
			children = (
				15712F072521EBC300C08F74 /* PandaTalk.app */,
				15712F1D2521EBC400C08F74 /* PandaTalkTests.xctest */,
				15712F282521EBC400C08F74 /* PandaTalkUITests.xctest */,
			);
			name = Products;
			sourceTree = "<group>";
		};
		15712F092521EBC300C08F74 /* PandaTalk */ = {
			isa = PBXGroup;
			children = (
				15192D56252B6B7900199B7B /* Main */,
				15192D37252B431E00199B7B /* Flow */,
				15712F452521F61400C08F74 /* Extensions */,
				15712F442521F60B00C08F74 /* Utility */,
				15712F432521F5FE00C08F74 /* Support */,
				15712F3D2521F55C00C08F74 /* Shared */,
				15712F132521EBC400C08F74 /* Assets.xcassets */,
				15712F152521EBC400C08F74 /* LaunchScreen.storyboard */,
				15712F182521EBC400C08F74 /* Info.plist */,
				15192D8C252B84BF00199B7B /* GoogleService-Info.plist */,
			);
			path = PandaTalk;
			sourceTree = "<group>";
		};
		15712F202521EBC400C08F74 /* PandaTalkTests */ = {
			isa = PBXGroup;
			children = (
				15712F212521EBC400C08F74 /* PandaTalkTests.swift */,
				15712F232521EBC400C08F74 /* Info.plist */,
			);
			path = PandaTalkTests;
			sourceTree = "<group>";
		};
		15712F2B2521EBC400C08F74 /* PandaTalkUITests */ = {
			isa = PBXGroup;
			children = (
				15712F2C2521EBC400C08F74 /* PandaTalkUITests.swift */,
				15712F2E2521EBC400C08F74 /* Info.plist */,
			);
			path = PandaTalkUITests;
			sourceTree = "<group>";
		};
		15712F3D2521F55C00C08F74 /* Shared */ = {
			isa = PBXGroup;
			children = (
				15712FE02521FB1700C08F74 /* AppModel */,
				15712FE12521FB1C00C08F74 /* DataModel */,
				15712F3E2521F58500C08F74 /* Managers */,
			);
			path = Shared;
			sourceTree = "<group>";
		};
		15712F3E2521F58500C08F74 /* Managers */ = {
			isa = PBXGroup;
			children = (
				15712FA32521F76800C08F74 /* APIManager.swift */,
			);
			path = Managers;
			sourceTree = "<group>";
		};
		15712F3F2521F59800C08F74 /* Login */ = {
			isa = PBXGroup;
			children = (
				15712FCE2521FA4700C08F74 /* View */,
				15712FCD2521FA4200C08F74 /* ViewModel */,
				15712FCC2521FA3E00C08F74 /* Model */,
			);
			path = Login;
			sourceTree = "<group>";
		};
		15712F402521F5A400C08F74 /* ChatList */ = {
			isa = PBXGroup;
			children = (
				15712FD42521FA6D00C08F74 /* View */,
				15712FD32521FA6800C08F74 /* ViewModel */,
				15712FD22521FA6300C08F74 /* Model */,
			);
			path = ChatList;
			sourceTree = "<group>";
		};
		15712F412521F5A900C08F74 /* Setting */ = {
			isa = PBXGroup;
			children = (
				15712FDA2521FA9000C08F74 /* View */,
				15712FD92521FA8500C08F74 /* ViewModel */,
				15712FD82521FA8100C08F74 /* Model */,
			);
			path = Setting;
			sourceTree = "<group>";
		};
		15712F422521F5B200C08F74 /* FriendsList */ = {
			isa = PBXGroup;
			children = (
				15712FD12521FA5F00C08F74 /* View */,
				15712FD02521FA5A00C08F74 /* ViewModel */,
				15712FCF2521FA5400C08F74 /* Model */,
			);
			path = FriendsList;
			sourceTree = "<group>";
		};
		15712F432521F5FE00C08F74 /* Support */ = {
			isa = PBXGroup;
			children = (
				15712F0A2521EBC300C08F74 /* AppDelegate.swift */,
			);
			path = Support;
			sourceTree = "<group>";
		};
		15712F442521F60B00C08F74 /* Utility */ = {
			isa = PBXGroup;
			children = (
				15712F5D2521F6B800C08F74 /* Constants.swift */,
			);
			path = Utility;
			sourceTree = "<group>";
		};
		15712F452521F61400C08F74 /* Extensions */ = {
			isa = PBXGroup;
			children = (
				15712F582521F6A200C08F74 /* AppModel+Protocol.swift */,
				15712F9E2521F75F00C08F74 /* Service+Protocol.swift */,
				15192D47252B441500199B7B /* BaseViewController.swift */,
				15192D4C252B441E00199B7B /* BaseViewModel.swift */,
			);
			path = Extensions;
			sourceTree = "<group>";
		};
		15712FBC2521F7ED00C08F74 /* Chatting */ = {
			isa = PBXGroup;
			children = (
				15712FD72521FA7D00C08F74 /* View */,
				15712FD62521FA7600C08F74 /* ViewModel */,
				15712FD52521FA7200C08F74 /* Model */,
			);
			path = Chatting;
			sourceTree = "<group>";
		};
		15712FCC2521FA3E00C08F74 /* Model */ = {
			isa = PBXGroup;
			children = (
				15712F6C2521F6EB00C08F74 /* LoginDataModel.swift */,
			);
			path = Model;
			sourceTree = "<group>";
		};
		15712FCD2521FA4200C08F74 /* ViewModel */ = {
			isa = PBXGroup;
			children = (
				15712F672521F6DF00C08F74 /* LoginViewModel.swift */,
			);
			path = ViewModel;
			sourceTree = "<group>";
		};
		15712FCE2521FA4700C08F74 /* View */ = {
			isa = PBXGroup;
			children = (
				15712FDB2521FABA00C08F74 /* Controller */,
			);
			path = View;
			sourceTree = "<group>";
		};
		15712FCF2521FA5400C08F74 /* Model */ = {
			isa = PBXGroup;
			children = (
				15712F7B2521F71500C08F74 /* FriendListDataModel.swift */,
			);
			path = Model;
			sourceTree = "<group>";
		};
		15712FD02521FA5A00C08F74 /* ViewModel */ = {
			isa = PBXGroup;
			children = (
				15712F762521F70C00C08F74 /* FriendsListViewModel.swift */,
			);
			path = ViewModel;
			sourceTree = "<group>";
		};
		15712FD12521FA5F00C08F74 /* View */ = {
			isa = PBXGroup;
			children = (
				15712FDC2521FAC400C08F74 /* Controller */,
			);
			path = View;
			sourceTree = "<group>";
		};
		15712FD22521FA6300C08F74 /* Model */ = {
			isa = PBXGroup;
			children = (
				15712F8A2521F73800C08F74 /* ChatListDataModel.swift */,
			);
			path = Model;
			sourceTree = "<group>";
		};
		15712FD32521FA6800C08F74 /* ViewModel */ = {
			isa = PBXGroup;
			children = (
				15712F852521F72E00C08F74 /* ChatListViewModel.swift */,
			);
			path = ViewModel;
			sourceTree = "<group>";
		};
		15712FD42521FA6D00C08F74 /* View */ = {
			isa = PBXGroup;
			children = (
				15712FDD2521FACE00C08F74 /* Controller */,
			);
			path = View;
			sourceTree = "<group>";
		};
		15712FD52521FA7200C08F74 /* Model */ = {
			isa = PBXGroup;
			children = (
				15712FC72521F8EE00C08F74 /* ChattingDataModel.swift */,
			);
			path = Model;
			sourceTree = "<group>";
		};
		15712FD62521FA7600C08F74 /* ViewModel */ = {
			isa = PBXGroup;
			children = (
				15712FC22521F8E700C08F74 /* ChattingViewModel.swift */,
			);
			path = ViewModel;
			sourceTree = "<group>";
		};
		15712FD72521FA7D00C08F74 /* View */ = {
			isa = PBXGroup;
			children = (
				15712FDE2521FAD500C08F74 /* Controller */,
			);
			path = View;
			sourceTree = "<group>";
		};
		15712FD82521FA8100C08F74 /* Model */ = {
			isa = PBXGroup;
			children = (
				15712F992521F75000C08F74 /* SettingDataModel.swift */,
			);
			path = Model;
			sourceTree = "<group>";
		};
		15712FD92521FA8500C08F74 /* ViewModel */ = {
			isa = PBXGroup;
			children = (
				15712F942521F74800C08F74 /* SettingViewModel.swift */,
			);
			path = ViewModel;
			sourceTree = "<group>";
		};
		15712FDA2521FA9000C08F74 /* View */ = {
			isa = PBXGroup;
			children = (
				15712FDF2521FAE400C08F74 /* Controller */,
			);
			path = View;
			sourceTree = "<group>";
		};
		15712FDB2521FABA00C08F74 /* Controller */ = {
			isa = PBXGroup;
			children = (
				15712F622521F6C700C08F74 /* LoginViewController.swift */,
			);
			path = Controller;
			sourceTree = "<group>";
		};
		15712FDC2521FAC400C08F74 /* Controller */ = {
			isa = PBXGroup;
			children = (
				15712F712521F70000C08F74 /* FriendsListViewController.swift */,
			);
			path = Controller;
			sourceTree = "<group>";
		};
		15712FDD2521FACE00C08F74 /* Controller */ = {
			isa = PBXGroup;
			children = (
				15712F802521F72100C08F74 /* ChatListViewController.swift */,
			);
			path = Controller;
			sourceTree = "<group>";
		};
		15712FDE2521FAD500C08F74 /* Controller */ = {
			isa = PBXGroup;
			children = (
				15712FBD2521F8E000C08F74 /* ChattingViewController.swift */,
			);
			path = Controller;
			sourceTree = "<group>";
		};
		15712FDF2521FAE400C08F74 /* Controller */ = {
			isa = PBXGroup;
			children = (
				15712F8F2521F74100C08F74 /* SettingViewController.swift */,
			);
			path = Controller;
			sourceTree = "<group>";
		};
		15712FE02521FB1700C08F74 /* AppModel */ = {
			isa = PBXGroup;
			children = (
				15712FA82521F77300C08F74 /* AppModel.swift */,
				15712FE62521FB3200C08F74 /* Error */,
				15712FE52521FB2E00C08F74 /* State */,
			);
			path = AppModel;
			sourceTree = "<group>";
		};
		15712FE12521FB1C00C08F74 /* DataModel */ = {
			isa = PBXGroup;
			children = (
				15712FB72521F79700C08F74 /* DataModel.swift */,
				15192DEB252B8B3600199B7B /* UserModel.swift */,
			);
			path = DataModel;
			sourceTree = "<group>";
		};
		15712FE52521FB2E00C08F74 /* State */ = {
			isa = PBXGroup;
			children = (
				15712FAD2521F77800C08F74 /* AppState.swift */,
			);
			path = State;
			sourceTree = "<group>";
		};
		15712FE62521FB3200C08F74 /* Error */ = {
			isa = PBXGroup;
			children = (
				15712FB22521F77D00C08F74 /* AppError.swift */,
			);
			path = Error;
			sourceTree = "<group>";
		};
		F536D83C798935E8CE9987EB /* Pods */ = {
			isa = PBXGroup;
			children = (
				783DE4C0ADE99CAA60177075 /* Pods-PandaTalk.debug.xcconfig */,
				48DF18596E482DC8D9EDEB54 /* Pods-PandaTalk.release.xcconfig */,
				FD95E5E5D335AF1FE4FECC3B /* Pods-PandaTalk-PandaTalkUITests.debug.xcconfig */,
				F37A4CF395EED61697505F21 /* Pods-PandaTalk-PandaTalkUITests.release.xcconfig */,
				D93E845A5D6CE71B406734DF /* Pods-PandaTalkTests.debug.xcconfig */,
				A08D37017FB72C80BB455059 /* Pods-PandaTalkTests.release.xcconfig */,
			);
			path = Pods;
			sourceTree = "<group>";
		};
/* End PBXGroup section */

/* Begin PBXNativeTarget section */
		15712F062521EBC300C08F74 /* PandaTalk */ = {
			isa = PBXNativeTarget;
			buildConfigurationList = 15712F312521EBC400C08F74 /* Build configuration list for PBXNativeTarget "PandaTalk" */;
			buildPhases = (
				E4D17A87FD2B54DBFE807008 /* [CP] Check Pods Manifest.lock */,
				15712F032521EBC300C08F74 /* Sources */,
				15712F042521EBC300C08F74 /* Frameworks */,
				15712F052521EBC300C08F74 /* Resources */,
				11A7D2849F2C5A986AF9856A /* [CP] Embed Pods Frameworks */,
				42362E5BC7F8D6F114EE5D5B /* [CP] Copy Pods Resources */,
			);
			buildRules = (
			);
			dependencies = (
			);
			name = PandaTalk;
			productName = PandaTalk;
			productReference = 15712F072521EBC300C08F74 /* PandaTalk.app */;
			productType = "com.apple.product-type.application";
		};
		15712F1C2521EBC400C08F74 /* PandaTalkTests */ = {
			isa = PBXNativeTarget;
			buildConfigurationList = 15712F342521EBC400C08F74 /* Build configuration list for PBXNativeTarget "PandaTalkTests" */;
			buildPhases = (
				C93833345DEA7174A452D07E /* [CP] Check Pods Manifest.lock */,
				15712F192521EBC400C08F74 /* Sources */,
				15712F1A2521EBC400C08F74 /* Frameworks */,
				15712F1B2521EBC400C08F74 /* Resources */,
			);
			buildRules = (
			);
			dependencies = (
				15712F1F2521EBC400C08F74 /* PBXTargetDependency */,
			);
			name = PandaTalkTests;
			productName = PandaTalkTests;
			productReference = 15712F1D2521EBC400C08F74 /* PandaTalkTests.xctest */;
			productType = "com.apple.product-type.bundle.unit-test";
		};
		15712F272521EBC400C08F74 /* PandaTalkUITests */ = {
			isa = PBXNativeTarget;
			buildConfigurationList = 15712F372521EBC400C08F74 /* Build configuration list for PBXNativeTarget "PandaTalkUITests" */;
			buildPhases = (
				031713E3321F0CADA49351C7 /* [CP] Check Pods Manifest.lock */,
				15712F242521EBC400C08F74 /* Sources */,
				15712F252521EBC400C08F74 /* Frameworks */,
				15712F262521EBC400C08F74 /* Resources */,
				34050D9D575F1E3845DAFE13 /* [CP] Embed Pods Frameworks */,
				3EEFF9BE5D3A4F7CCA622BFA /* [CP] Copy Pods Resources */,
			);
			buildRules = (
			);
			dependencies = (
				15712F2A2521EBC400C08F74 /* PBXTargetDependency */,
			);
			name = PandaTalkUITests;
			productName = PandaTalkUITests;
			productReference = 15712F282521EBC400C08F74 /* PandaTalkUITests.xctest */;
			productType = "com.apple.product-type.bundle.ui-testing";
		};
/* End PBXNativeTarget section */

/* Begin PBXProject section */
		15712EFF2521EBC300C08F74 /* Project object */ = {
			isa = PBXProject;
			attributes = {
				LastSwiftUpdateCheck = 1200;
				LastUpgradeCheck = 1200;
				TargetAttributes = {
					15712F062521EBC300C08F74 = {
						CreatedOnToolsVersion = 12.0.1;
					};
					15712F1C2521EBC400C08F74 = {
						CreatedOnToolsVersion = 12.0.1;
						TestTargetID = 15712F062521EBC300C08F74;
					};
					15712F272521EBC400C08F74 = {
						CreatedOnToolsVersion = 12.0.1;
						TestTargetID = 15712F062521EBC300C08F74;
					};
				};
			};
			buildConfigurationList = 15712F022521EBC300C08F74 /* Build configuration list for PBXProject "PandaTalk" */;
			compatibilityVersion = "Xcode 9.3";
			developmentRegion = en;
			hasScannedForEncodings = 0;
			knownRegions = (
				en,
				Base,
			);
			mainGroup = 15712EFE2521EBC300C08F74;
			productRefGroup = 15712F082521EBC300C08F74 /* Products */;
			projectDirPath = "";
			projectRoot = "";
			targets = (
				15712F062521EBC300C08F74 /* PandaTalk */,
				15712F1C2521EBC400C08F74 /* PandaTalkTests */,
				15712F272521EBC400C08F74 /* PandaTalkUITests */,
			);
		};
/* End PBXProject section */

/* Begin PBXResourcesBuildPhase section */
		15712F052521EBC300C08F74 /* Resources */ = {
			isa = PBXResourcesBuildPhase;
			buildActionMask = 2147483647;
			files = (
				15712F172521EBC400C08F74 /* LaunchScreen.storyboard in Resources */,
				15192D8D252B84BF00199B7B /* GoogleService-Info.plist in Resources */,
				15712F142521EBC400C08F74 /* Assets.xcassets in Resources */,
			);
			runOnlyForDeploymentPostprocessing = 0;
		};
		15712F1B2521EBC400C08F74 /* Resources */ = {
			isa = PBXResourcesBuildPhase;
			buildActionMask = 2147483647;
			files = (
			);
			runOnlyForDeploymentPostprocessing = 0;
		};
		15712F262521EBC400C08F74 /* Resources */ = {
			isa = PBXResourcesBuildPhase;
			buildActionMask = 2147483647;
			files = (
			);
			runOnlyForDeploymentPostprocessing = 0;
		};
/* End PBXResourcesBuildPhase section */

/* Begin PBXShellScriptBuildPhase section */
		031713E3321F0CADA49351C7 /* [CP] Check Pods Manifest.lock */ = {
			isa = PBXShellScriptBuildPhase;
			buildActionMask = 2147483647;
			files = (
			);
			inputFileListPaths = (
			);
			inputPaths = (
				"${PODS_PODFILE_DIR_PATH}/Podfile.lock",
				"${PODS_ROOT}/Manifest.lock",
			);
			name = "[CP] Check Pods Manifest.lock";
			outputFileListPaths = (
			);
			outputPaths = (
				"$(DERIVED_FILE_DIR)/Pods-PandaTalk-PandaTalkUITests-checkManifestLockResult.txt",
			);
			runOnlyForDeploymentPostprocessing = 0;
			shellPath = /bin/sh;
			shellScript = "diff \"${PODS_PODFILE_DIR_PATH}/Podfile.lock\" \"${PODS_ROOT}/Manifest.lock\" > /dev/null\nif [ $? != 0 ] ; then\n    # print error to STDERR\n    echo \"error: The sandbox is not in sync with the Podfile.lock. Run 'pod install' or update your CocoaPods installation.\" >&2\n    exit 1\nfi\n# This output is used by Xcode 'outputs' to avoid re-running this script phase.\necho \"SUCCESS\" > \"${SCRIPT_OUTPUT_FILE_0}\"\n";
			showEnvVarsInLog = 0;
		};
		11A7D2849F2C5A986AF9856A /* [CP] Embed Pods Frameworks */ = {
			isa = PBXShellScriptBuildPhase;
			buildActionMask = 2147483647;
			files = (
			);
			inputFileListPaths = (
				"${PODS_ROOT}/Target Support Files/Pods-PandaTalk/Pods-PandaTalk-frameworks-${CONFIGURATION}-input-files.xcfilelist",
			);
			name = "[CP] Embed Pods Frameworks";
			outputFileListPaths = (
				"${PODS_ROOT}/Target Support Files/Pods-PandaTalk/Pods-PandaTalk-frameworks-${CONFIGURATION}-output-files.xcfilelist",
			);
			runOnlyForDeploymentPostprocessing = 0;
			shellPath = /bin/sh;
			shellScript = "\"${PODS_ROOT}/Target Support Files/Pods-PandaTalk/Pods-PandaTalk-frameworks.sh\"\n";
			showEnvVarsInLog = 0;
		};
		34050D9D575F1E3845DAFE13 /* [CP] Embed Pods Frameworks */ = {
			isa = PBXShellScriptBuildPhase;
			buildActionMask = 2147483647;
			files = (
			);
			inputFileListPaths = (
				"${PODS_ROOT}/Target Support Files/Pods-PandaTalk-PandaTalkUITests/Pods-PandaTalk-PandaTalkUITests-frameworks-${CONFIGURATION}-input-files.xcfilelist",
			);
			name = "[CP] Embed Pods Frameworks";
			outputFileListPaths = (
				"${PODS_ROOT}/Target Support Files/Pods-PandaTalk-PandaTalkUITests/Pods-PandaTalk-PandaTalkUITests-frameworks-${CONFIGURATION}-output-files.xcfilelist",
			);
			runOnlyForDeploymentPostprocessing = 0;
			shellPath = /bin/sh;
			shellScript = "\"${PODS_ROOT}/Target Support Files/Pods-PandaTalk-PandaTalkUITests/Pods-PandaTalk-PandaTalkUITests-frameworks.sh\"\n";
			showEnvVarsInLog = 0;
		};
		3EEFF9BE5D3A4F7CCA622BFA /* [CP] Copy Pods Resources */ = {
			isa = PBXShellScriptBuildPhase;
			buildActionMask = 2147483647;
			files = (
			);
			inputFileListPaths = (
				"${PODS_ROOT}/Target Support Files/Pods-PandaTalk-PandaTalkUITests/Pods-PandaTalk-PandaTalkUITests-resources-${CONFIGURATION}-input-files.xcfilelist",
			);
			name = "[CP] Copy Pods Resources";
			outputFileListPaths = (
				"${PODS_ROOT}/Target Support Files/Pods-PandaTalk-PandaTalkUITests/Pods-PandaTalk-PandaTalkUITests-resources-${CONFIGURATION}-output-files.xcfilelist",
			);
			runOnlyForDeploymentPostprocessing = 0;
			shellPath = /bin/sh;
			shellScript = "\"${PODS_ROOT}/Target Support Files/Pods-PandaTalk-PandaTalkUITests/Pods-PandaTalk-PandaTalkUITests-resources.sh\"\n";
			showEnvVarsInLog = 0;
		};
		42362E5BC7F8D6F114EE5D5B /* [CP] Copy Pods Resources */ = {
			isa = PBXShellScriptBuildPhase;
			buildActionMask = 2147483647;
			files = (
			);
			inputFileListPaths = (
				"${PODS_ROOT}/Target Support Files/Pods-PandaTalk/Pods-PandaTalk-resources-${CONFIGURATION}-input-files.xcfilelist",
			);
			name = "[CP] Copy Pods Resources";
			outputFileListPaths = (
				"${PODS_ROOT}/Target Support Files/Pods-PandaTalk/Pods-PandaTalk-resources-${CONFIGURATION}-output-files.xcfilelist",
			);
			runOnlyForDeploymentPostprocessing = 0;
			shellPath = /bin/sh;
			shellScript = "\"${PODS_ROOT}/Target Support Files/Pods-PandaTalk/Pods-PandaTalk-resources.sh\"\n";
			showEnvVarsInLog = 0;
		};
		C93833345DEA7174A452D07E /* [CP] Check Pods Manifest.lock */ = {
			isa = PBXShellScriptBuildPhase;
			buildActionMask = 2147483647;
			files = (
			);
			inputFileListPaths = (
			);
			inputPaths = (
				"${PODS_PODFILE_DIR_PATH}/Podfile.lock",
				"${PODS_ROOT}/Manifest.lock",
			);
			name = "[CP] Check Pods Manifest.lock";
			outputFileListPaths = (
			);
			outputPaths = (
				"$(DERIVED_FILE_DIR)/Pods-PandaTalkTests-checkManifestLockResult.txt",
			);
			runOnlyForDeploymentPostprocessing = 0;
			shellPath = /bin/sh;
			shellScript = "diff \"${PODS_PODFILE_DIR_PATH}/Podfile.lock\" \"${PODS_ROOT}/Manifest.lock\" > /dev/null\nif [ $? != 0 ] ; then\n    # print error to STDERR\n    echo \"error: The sandbox is not in sync with the Podfile.lock. Run 'pod install' or update your CocoaPods installation.\" >&2\n    exit 1\nfi\n# This output is used by Xcode 'outputs' to avoid re-running this script phase.\necho \"SUCCESS\" > \"${SCRIPT_OUTPUT_FILE_0}\"\n";
			showEnvVarsInLog = 0;
		};
		E4D17A87FD2B54DBFE807008 /* [CP] Check Pods Manifest.lock */ = {
			isa = PBXShellScriptBuildPhase;
			buildActionMask = 2147483647;
			files = (
			);
			inputFileListPaths = (
			);
			inputPaths = (
				"${PODS_PODFILE_DIR_PATH}/Podfile.lock",
				"${PODS_ROOT}/Manifest.lock",
			);
			name = "[CP] Check Pods Manifest.lock";
			outputFileListPaths = (
			);
			outputPaths = (
				"$(DERIVED_FILE_DIR)/Pods-PandaTalk-checkManifestLockResult.txt",
			);
			runOnlyForDeploymentPostprocessing = 0;
			shellPath = /bin/sh;
			shellScript = "diff \"${PODS_PODFILE_DIR_PATH}/Podfile.lock\" \"${PODS_ROOT}/Manifest.lock\" > /dev/null\nif [ $? != 0 ] ; then\n    # print error to STDERR\n    echo \"error: The sandbox is not in sync with the Podfile.lock. Run 'pod install' or update your CocoaPods installation.\" >&2\n    exit 1\nfi\n# This output is used by Xcode 'outputs' to avoid re-running this script phase.\necho \"SUCCESS\" > \"${SCRIPT_OUTPUT_FILE_0}\"\n";
			showEnvVarsInLog = 0;
		};
/* End PBXShellScriptBuildPhase section */

/* Begin PBXSourcesBuildPhase section */
		15712F032521EBC300C08F74 /* Sources */ = {
			isa = PBXSourcesBuildPhase;
			buildActionMask = 2147483647;
			files = (
				15712F722521F70000C08F74 /* FriendsListViewController.swift in Sources */,
				15192D6F252B741900199B7B /* ChatListFlow.swift in Sources */,
				15712FC32521F8E700C08F74 /* ChattingViewModel.swift in Sources */,
				15192D74252B748100199B7B /* SettingFlow.swift in Sources */,
				15192D65252B6BD500199B7B /* MainFlow.swift in Sources */,
				15712F9F2521F75F00C08F74 /* Service+Protocol.swift in Sources */,
				15712F0B2521EBC300C08F74 /* AppDelegate.swift in Sources */,
				15712F812521F72100C08F74 /* ChatListViewController.swift in Sources */,
				15192DEC252B8B3600199B7B /* UserModel.swift in Sources */,
				15712F902521F74100C08F74 /* SettingViewController.swift in Sources */,
				15712F7C2521F71500C08F74 /* FriendListDataModel.swift in Sources */,
				15192D58252B6B9200199B7B /* MainViewController.swift in Sources */,
				15192D60252B6BC300199B7B /* MainViewModel.swift in Sources */,
				15192D4D252B441E00199B7B /* BaseViewModel.swift in Sources */,
				15712FBE2521F8E000C08F74 /* ChattingViewController.swift in Sources */,
				15712F952521F74800C08F74 /* SettingViewModel.swift in Sources */,
				15192D79252B768400199B7B /* LoginFlow.swift in Sources */,
				15712F592521F6A200C08F74 /* AppModel+Protocol.swift in Sources */,
				15712F632521F6C700C08F74 /* LoginViewController.swift in Sources */,
				15712F5E2521F6B800C08F74 /* Constants.swift in Sources */,
				15712F9A2521F75000C08F74 /* SettingDataModel.swift in Sources */,
				15192D6A252B72FF00199B7B /* FriendsListFlow.swift in Sources */,
				15712FA92521F77300C08F74 /* AppModel.swift in Sources */,
				15712FB82521F79700C08F74 /* DataModel.swift in Sources */,
				15712F8B2521F73800C08F74 /* ChatListDataModel.swift in Sources */,
				15712FA42521F76800C08F74 /* APIManager.swift in Sources */,
				15712FC82521F8EE00C08F74 /* ChattingDataModel.swift in Sources */,
				15192D52252B447700199B7B /* AppFlow.swift in Sources */,
				15712FAE2521F77800C08F74 /* AppState.swift in Sources */,
				15712F772521F70C00C08F74 /* FriendsListViewModel.swift in Sources */,
				15192D48252B441500199B7B /* BaseViewController.swift in Sources */,
				15712FB32521F77D00C08F74 /* AppError.swift in Sources */,
				15712F862521F72E00C08F74 /* ChatListViewModel.swift in Sources */,
				15712F682521F6DF00C08F74 /* LoginViewModel.swift in Sources */,
				15712F6D2521F6EB00C08F74 /* LoginDataModel.swift in Sources */,
			);
			runOnlyForDeploymentPostprocessing = 0;
		};
		15712F192521EBC400C08F74 /* Sources */ = {
			isa = PBXSourcesBuildPhase;
			buildActionMask = 2147483647;
			files = (
				15712F222521EBC400C08F74 /* PandaTalkTests.swift in Sources */,
			);
			runOnlyForDeploymentPostprocessing = 0;
		};
		15712F242521EBC400C08F74 /* Sources */ = {
			isa = PBXSourcesBuildPhase;
			buildActionMask = 2147483647;
			files = (
				15712F2D2521EBC400C08F74 /* PandaTalkUITests.swift in Sources */,
			);
			runOnlyForDeploymentPostprocessing = 0;
		};
/* End PBXSourcesBuildPhase section */

/* Begin PBXTargetDependency section */
		15712F1F2521EBC400C08F74 /* PBXTargetDependency */ = {
			isa = PBXTargetDependency;
			target = 15712F062521EBC300C08F74 /* PandaTalk */;
			targetProxy = 15712F1E2521EBC400C08F74 /* PBXContainerItemProxy */;
		};
		15712F2A2521EBC400C08F74 /* PBXTargetDependency */ = {
			isa = PBXTargetDependency;
			target = 15712F062521EBC300C08F74 /* PandaTalk */;
			targetProxy = 15712F292521EBC400C08F74 /* PBXContainerItemProxy */;
		};
/* End PBXTargetDependency section */

/* Begin PBXVariantGroup section */
		15712F152521EBC400C08F74 /* LaunchScreen.storyboard */ = {
			isa = PBXVariantGroup;
			children = (
				15712F162521EBC400C08F74 /* Base */,
			);
			name = LaunchScreen.storyboard;
			sourceTree = "<group>";
		};
/* End PBXVariantGroup section */

/* Begin XCBuildConfiguration section */
		15712F2F2521EBC400C08F74 /* Debug */ = {
			isa = XCBuildConfiguration;
			buildSettings = {
				ALWAYS_SEARCH_USER_PATHS = NO;
				CLANG_ANALYZER_NONNULL = YES;
				CLANG_ANALYZER_NUMBER_OBJECT_CONVERSION = YES_AGGRESSIVE;
				CLANG_CXX_LANGUAGE_STANDARD = "gnu++14";
				CLANG_CXX_LIBRARY = "libc++";
				CLANG_ENABLE_MODULES = YES;
				CLANG_ENABLE_OBJC_ARC = YES;
				CLANG_ENABLE_OBJC_WEAK = YES;
				CLANG_WARN_BLOCK_CAPTURE_AUTORELEASING = YES;
				CLANG_WARN_BOOL_CONVERSION = YES;
				CLANG_WARN_COMMA = YES;
				CLANG_WARN_CONSTANT_CONVERSION = YES;
				CLANG_WARN_DEPRECATED_OBJC_IMPLEMENTATIONS = YES;
				CLANG_WARN_DIRECT_OBJC_ISA_USAGE = YES_ERROR;
				CLANG_WARN_DOCUMENTATION_COMMENTS = YES;
				CLANG_WARN_EMPTY_BODY = YES;
				CLANG_WARN_ENUM_CONVERSION = YES;
				CLANG_WARN_INFINITE_RECURSION = YES;
				CLANG_WARN_INT_CONVERSION = YES;
				CLANG_WARN_NON_LITERAL_NULL_CONVERSION = YES;
				CLANG_WARN_OBJC_IMPLICIT_RETAIN_SELF = YES;
				CLANG_WARN_OBJC_LITERAL_CONVERSION = YES;
				CLANG_WARN_OBJC_ROOT_CLASS = YES_ERROR;
				CLANG_WARN_QUOTED_INCLUDE_IN_FRAMEWORK_HEADER = YES;
				CLANG_WARN_RANGE_LOOP_ANALYSIS = YES;
				CLANG_WARN_STRICT_PROTOTYPES = YES;
				CLANG_WARN_SUSPICIOUS_MOVE = YES;
				CLANG_WARN_UNGUARDED_AVAILABILITY = YES_AGGRESSIVE;
				CLANG_WARN_UNREACHABLE_CODE = YES;
				CLANG_WARN__DUPLICATE_METHOD_MATCH = YES;
				COPY_PHASE_STRIP = NO;
				DEBUG_INFORMATION_FORMAT = dwarf;
				ENABLE_STRICT_OBJC_MSGSEND = YES;
				ENABLE_TESTABILITY = YES;
				GCC_C_LANGUAGE_STANDARD = gnu11;
				GCC_DYNAMIC_NO_PIC = NO;
				GCC_NO_COMMON_BLOCKS = YES;
				GCC_OPTIMIZATION_LEVEL = 0;
				GCC_PREPROCESSOR_DEFINITIONS = (
					"DEBUG=1",
					"$(inherited)",
				);
				GCC_WARN_64_TO_32_BIT_CONVERSION = YES;
				GCC_WARN_ABOUT_RETURN_TYPE = YES_ERROR;
				GCC_WARN_UNDECLARED_SELECTOR = YES;
				GCC_WARN_UNINITIALIZED_AUTOS = YES_AGGRESSIVE;
				GCC_WARN_UNUSED_FUNCTION = YES;
				GCC_WARN_UNUSED_VARIABLE = YES;
				IPHONEOS_DEPLOYMENT_TARGET = 14.0;
				MTL_ENABLE_DEBUG_INFO = INCLUDE_SOURCE;
				MTL_FAST_MATH = YES;
				ONLY_ACTIVE_ARCH = YES;
				SDKROOT = iphoneos;
				SWIFT_ACTIVE_COMPILATION_CONDITIONS = DEBUG;
				SWIFT_OPTIMIZATION_LEVEL = "-Onone";
			};
			name = Debug;
		};
		15712F302521EBC400C08F74 /* Release */ = {
			isa = XCBuildConfiguration;
			buildSettings = {
				ALWAYS_SEARCH_USER_PATHS = NO;
				CLANG_ANALYZER_NONNULL = YES;
				CLANG_ANALYZER_NUMBER_OBJECT_CONVERSION = YES_AGGRESSIVE;
				CLANG_CXX_LANGUAGE_STANDARD = "gnu++14";
				CLANG_CXX_LIBRARY = "libc++";
				CLANG_ENABLE_MODULES = YES;
				CLANG_ENABLE_OBJC_ARC = YES;
				CLANG_ENABLE_OBJC_WEAK = YES;
				CLANG_WARN_BLOCK_CAPTURE_AUTORELEASING = YES;
				CLANG_WARN_BOOL_CONVERSION = YES;
				CLANG_WARN_COMMA = YES;
				CLANG_WARN_CONSTANT_CONVERSION = YES;
				CLANG_WARN_DEPRECATED_OBJC_IMPLEMENTATIONS = YES;
				CLANG_WARN_DIRECT_OBJC_ISA_USAGE = YES_ERROR;
				CLANG_WARN_DOCUMENTATION_COMMENTS = YES;
				CLANG_WARN_EMPTY_BODY = YES;
				CLANG_WARN_ENUM_CONVERSION = YES;
				CLANG_WARN_INFINITE_RECURSION = YES;
				CLANG_WARN_INT_CONVERSION = YES;
				CLANG_WARN_NON_LITERAL_NULL_CONVERSION = YES;
				CLANG_WARN_OBJC_IMPLICIT_RETAIN_SELF = YES;
				CLANG_WARN_OBJC_LITERAL_CONVERSION = YES;
				CLANG_WARN_OBJC_ROOT_CLASS = YES_ERROR;
				CLANG_WARN_QUOTED_INCLUDE_IN_FRAMEWORK_HEADER = YES;
				CLANG_WARN_RANGE_LOOP_ANALYSIS = YES;
				CLANG_WARN_STRICT_PROTOTYPES = YES;
				CLANG_WARN_SUSPICIOUS_MOVE = YES;
				CLANG_WARN_UNGUARDED_AVAILABILITY = YES_AGGRESSIVE;
				CLANG_WARN_UNREACHABLE_CODE = YES;
				CLANG_WARN__DUPLICATE_METHOD_MATCH = YES;
				COPY_PHASE_STRIP = NO;
				DEBUG_INFORMATION_FORMAT = "dwarf-with-dsym";
				ENABLE_NS_ASSERTIONS = NO;
				ENABLE_STRICT_OBJC_MSGSEND = YES;
				GCC_C_LANGUAGE_STANDARD = gnu11;
				GCC_NO_COMMON_BLOCKS = YES;
				GCC_WARN_64_TO_32_BIT_CONVERSION = YES;
				GCC_WARN_ABOUT_RETURN_TYPE = YES_ERROR;
				GCC_WARN_UNDECLARED_SELECTOR = YES;
				GCC_WARN_UNINITIALIZED_AUTOS = YES_AGGRESSIVE;
				GCC_WARN_UNUSED_FUNCTION = YES;
				GCC_WARN_UNUSED_VARIABLE = YES;
				IPHONEOS_DEPLOYMENT_TARGET = 14.0;
				MTL_ENABLE_DEBUG_INFO = NO;
				MTL_FAST_MATH = YES;
				SDKROOT = iphoneos;
				SWIFT_COMPILATION_MODE = wholemodule;
				SWIFT_OPTIMIZATION_LEVEL = "-O";
				VALIDATE_PRODUCT = YES;
			};
			name = Release;
		};
		15712F322521EBC400C08F74 /* Debug */ = {
			isa = XCBuildConfiguration;
			baseConfigurationReference = 783DE4C0ADE99CAA60177075 /* Pods-PandaTalk.debug.xcconfig */;
			buildSettings = {
				ASSETCATALOG_COMPILER_APPICON_NAME = AppIcon;
				ASSETCATALOG_COMPILER_GLOBAL_ACCENT_COLOR_NAME = AccentColor;
				CODE_SIGN_STYLE = Automatic;
				DEVELOPMENT_TEAM = S3QQ63V4S9;
				INFOPLIST_FILE = PandaTalk/Info.plist;
				LD_RUNPATH_SEARCH_PATHS = (
					"$(inherited)",
					"@executable_path/Frameworks",
				);
				PRODUCT_BUNDLE_IDENTIFIER = com.tistory.iospanda.PandaTalk;
				PRODUCT_NAME = "$(TARGET_NAME)";
				SWIFT_VERSION = 5.0;
				TARGETED_DEVICE_FAMILY = "1,2";
			};
			name = Debug;
		};
		15712F332521EBC400C08F74 /* Release */ = {
			isa = XCBuildConfiguration;
			baseConfigurationReference = 48DF18596E482DC8D9EDEB54 /* Pods-PandaTalk.release.xcconfig */;
			buildSettings = {
				ASSETCATALOG_COMPILER_APPICON_NAME = AppIcon;
				ASSETCATALOG_COMPILER_GLOBAL_ACCENT_COLOR_NAME = AccentColor;
				CODE_SIGN_STYLE = Automatic;
				DEVELOPMENT_TEAM = S3QQ63V4S9;
				INFOPLIST_FILE = PandaTalk/Info.plist;
				LD_RUNPATH_SEARCH_PATHS = (
					"$(inherited)",
					"@executable_path/Frameworks",
				);
				PRODUCT_BUNDLE_IDENTIFIER = com.tistory.iospanda.PandaTalk;
				PRODUCT_NAME = "$(TARGET_NAME)";
				SWIFT_VERSION = 5.0;
				TARGETED_DEVICE_FAMILY = "1,2";
			};
			name = Release;
		};
		15712F352521EBC400C08F74 /* Debug */ = {
			isa = XCBuildConfiguration;
			baseConfigurationReference = D93E845A5D6CE71B406734DF /* Pods-PandaTalkTests.debug.xcconfig */;
			buildSettings = {
				ALWAYS_EMBED_SWIFT_STANDARD_LIBRARIES = YES;
				BUNDLE_LOADER = "$(TEST_HOST)";
				CODE_SIGN_STYLE = Automatic;
				DEVELOPMENT_TEAM = S3QQ63V4S9;
				INFOPLIST_FILE = PandaTalkTests/Info.plist;
				IPHONEOS_DEPLOYMENT_TARGET = 14.0;
				LD_RUNPATH_SEARCH_PATHS = (
					"$(inherited)",
					"@executable_path/Frameworks",
					"@loader_path/Frameworks",
				);
				PRODUCT_BUNDLE_IDENTIFIER = com.tistory.iospanda.PandaTalkTests;
				PRODUCT_NAME = "$(TARGET_NAME)";
				SWIFT_VERSION = 5.0;
				TARGETED_DEVICE_FAMILY = "1,2";
				TEST_HOST = "$(BUILT_PRODUCTS_DIR)/PandaTalk.app/PandaTalk";
			};
			name = Debug;
		};
		15712F362521EBC400C08F74 /* Release */ = {
			isa = XCBuildConfiguration;
			baseConfigurationReference = A08D37017FB72C80BB455059 /* Pods-PandaTalkTests.release.xcconfig */;
			buildSettings = {
				ALWAYS_EMBED_SWIFT_STANDARD_LIBRARIES = YES;
				BUNDLE_LOADER = "$(TEST_HOST)";
				CODE_SIGN_STYLE = Automatic;
				DEVELOPMENT_TEAM = S3QQ63V4S9;
				INFOPLIST_FILE = PandaTalkTests/Info.plist;
				IPHONEOS_DEPLOYMENT_TARGET = 14.0;
				LD_RUNPATH_SEARCH_PATHS = (
					"$(inherited)",
					"@executable_path/Frameworks",
					"@loader_path/Frameworks",
				);
				PRODUCT_BUNDLE_IDENTIFIER = com.tistory.iospanda.PandaTalkTests;
				PRODUCT_NAME = "$(TARGET_NAME)";
				SWIFT_VERSION = 5.0;
				TARGETED_DEVICE_FAMILY = "1,2";
				TEST_HOST = "$(BUILT_PRODUCTS_DIR)/PandaTalk.app/PandaTalk";
			};
			name = Release;
		};
		15712F382521EBC400C08F74 /* Debug */ = {
			isa = XCBuildConfiguration;
			baseConfigurationReference = FD95E5E5D335AF1FE4FECC3B /* Pods-PandaTalk-PandaTalkUITests.debug.xcconfig */;
			buildSettings = {
				ALWAYS_EMBED_SWIFT_STANDARD_LIBRARIES = YES;
				CODE_SIGN_STYLE = Automatic;
				DEVELOPMENT_TEAM = S3QQ63V4S9;
				INFOPLIST_FILE = PandaTalkUITests/Info.plist;
				LD_RUNPATH_SEARCH_PATHS = (
					"$(inherited)",
					"@executable_path/Frameworks",
					"@loader_path/Frameworks",
				);
				PRODUCT_BUNDLE_IDENTIFIER = com.tistory.iospanda.PandaTalkUITests;
				PRODUCT_NAME = "$(TARGET_NAME)";
				SWIFT_VERSION = 5.0;
				TARGETED_DEVICE_FAMILY = "1,2";
				TEST_TARGET_NAME = PandaTalk;
			};
			name = Debug;
		};
		15712F392521EBC400C08F74 /* Release */ = {
			isa = XCBuildConfiguration;
			baseConfigurationReference = F37A4CF395EED61697505F21 /* Pods-PandaTalk-PandaTalkUITests.release.xcconfig */;
			buildSettings = {
				ALWAYS_EMBED_SWIFT_STANDARD_LIBRARIES = YES;
				CODE_SIGN_STYLE = Automatic;
				DEVELOPMENT_TEAM = S3QQ63V4S9;
				INFOPLIST_FILE = PandaTalkUITests/Info.plist;
				LD_RUNPATH_SEARCH_PATHS = (
					"$(inherited)",
					"@executable_path/Frameworks",
					"@loader_path/Frameworks",
				);
				PRODUCT_BUNDLE_IDENTIFIER = com.tistory.iospanda.PandaTalkUITests;
				PRODUCT_NAME = "$(TARGET_NAME)";
				SWIFT_VERSION = 5.0;
				TARGETED_DEVICE_FAMILY = "1,2";
				TEST_TARGET_NAME = PandaTalk;
			};
			name = Release;
		};
/* End XCBuildConfiguration section */

/* Begin XCConfigurationList section */
		15712F022521EBC300C08F74 /* Build configuration list for PBXProject "PandaTalk" */ = {
			isa = XCConfigurationList;
			buildConfigurations = (
				15712F2F2521EBC400C08F74 /* Debug */,
				15712F302521EBC400C08F74 /* Release */,
			);
			defaultConfigurationIsVisible = 0;
			defaultConfigurationName = Release;
		};
		15712F312521EBC400C08F74 /* Build configuration list for PBXNativeTarget "PandaTalk" */ = {
			isa = XCConfigurationList;
			buildConfigurations = (
				15712F322521EBC400C08F74 /* Debug */,
				15712F332521EBC400C08F74 /* Release */,
			);
			defaultConfigurationIsVisible = 0;
			defaultConfigurationName = Release;
		};
		15712F342521EBC400C08F74 /* Build configuration list for PBXNativeTarget "PandaTalkTests" */ = {
			isa = XCConfigurationList;
			buildConfigurations = (
				15712F352521EBC400C08F74 /* Debug */,
				15712F362521EBC400C08F74 /* Release */,
			);
			defaultConfigurationIsVisible = 0;
			defaultConfigurationName = Release;
		};
		15712F372521EBC400C08F74 /* Build configuration list for PBXNativeTarget "PandaTalkUITests" */ = {
			isa = XCConfigurationList;
			buildConfigurations = (
				15712F382521EBC400C08F74 /* Debug */,
				15712F392521EBC400C08F74 /* Release */,
			);
			defaultConfigurationIsVisible = 0;
			defaultConfigurationName = Release;
		};
/* End XCConfigurationList section */
	};
	rootObject = 15712EFF2521EBC300C08F74 /* Project object */;
}
